{
    "name": "indexeddb",
    "version": "0.0.1",
    "lockfileVersion": 3,
    "requires": true,
    "packages": {
        "": {
            "name": "indexeddb",
            "version": "0.0.1",
            "dependencies": {
                "@types/node": "^24.10.0",
                "avenue": "0.6.17",
                "cadence": "4.0.0-alpha.5",
                "comeuppance": "0.0.3",
                "domexception": "4.0.0",
                "jsdom": "18.0.1",
                "lodash.isplainobject": "4.0.6",
                "memento": "^0.1.47",
                "nop": "1.0.0",
                "perhaps": "0.0.12",
                "rescue": "7.0.0-alpha.18",
                "turnstile": "6.0.0-alpha.82",
                "verbatim": "0.1.8"
            },
            "devDependencies": {
                "@types/domexception": "^4.0.3",
                "arguable": "13.0.0-alpha.6",
                "cheerio": "1.0.0-rc.10",
                "programmatic": "2.0.0-alpha.11",
                "proof": "^9.0.3",
                "rimraf": "3.0.2",
                "webidl2js": "17.0.0"
            }
        },
        "node_modules/@tootallnate/once": {
            "version": "2.0.0",
            "license": "MIT",
            "engines": {
                "node": ">= 10"
            }
        },
        "node_modules/@types/domexception": {
            "version": "4.0.3",
            "resolved": "https://registry.npmjs.org/@types/domexception/-/domexception-4.0.3.tgz",
            "integrity": "sha512-lYPlkldpQqYTgqj5tJgKg5UEa6/vOsaiCc54q6pJ1LPNphJ5UjE4yFjZx/bsvsijzS6Z9OkJYvFiAZZEvYy+Gw==",
            "dev": true,
            "license": "MIT",
            "dependencies": {
                "@types/webidl-conversions": "*"
            }
        },
        "node_modules/@types/node": {
            "version": "24.10.0",
            "license": "MIT",
            "dependencies": {
                "undici-types": "~7.16.0"
            }
        },
        "node_modules/@types/webidl-conversions": {
            "version": "7.0.3",
            "resolved": "https://registry.npmjs.org/@types/webidl-conversions/-/webidl-conversions-7.0.3.tgz",
            "integrity": "sha512-CiJJvcRtIgzadHCYXw7dqEnMNRjhGZlYK05Mj9OyktqV8uVT8fD2BFOB7S1uwBE3Kj2Z+4UyPmFw/Ixgw/LAlA==",
            "dev": true,
            "license": "MIT"
        },
        "node_modules/abab": {
            "version": "2.0.6",
            "license": "BSD-3-Clause"
        },
        "node_modules/acorn": {
            "version": "8.15.0",
            "license": "MIT",
            "bin": {
                "acorn": "bin/acorn"
            },
            "engines": {
                "node": ">=0.4.0"
            }
        },
        "node_modules/acorn-globals": {
            "version": "6.0.0",
            "license": "MIT",
            "dependencies": {
                "acorn": "^7.1.1",
                "acorn-walk": "^7.1.1"
            }
        },
        "node_modules/acorn-globals/node_modules/acorn": {
            "version": "7.4.1",
            "license": "MIT",
            "bin": {
                "acorn": "bin/acorn"
            },
            "engines": {
                "node": ">=0.4.0"
            }
        },
        "node_modules/acorn-walk": {
            "version": "7.2.0",
            "license": "MIT",
            "engines": {
                "node": ">=0.4.0"
            }
        },
        "node_modules/agent-base": {
            "version": "6.0.2",
            "license": "MIT",
            "dependencies": {
                "debug": "4"
            },
            "engines": {
                "node": ">= 6.0.0"
            }
        },
        "node_modules/amalgamate": {
            "version": "0.1.82",
            "license": "MIT",
            "dependencies": {
                "ascension": "3.0.0-alpha.13",
                "b-tree": "2.0.0-alpha.128",
                "designate": "2.0.0-alpha.24",
                "dilute": "2.0.0-alpha.9",
                "eject": "0.3.2",
                "extant": "^2.0.0-alpha.4",
                "fracture": "0.3.0-alpha.74",
                "homogenize": "2.0.0-alpha.29",
                "interrupt": "11.0.0-alpha.26",
                "magazine": "6.0.0-alpha.10",
                "nop": "1.0.0",
                "operation": "6.0.0-alpha.13",
                "perhaps": "0.0.13",
                "reciprocate": "0.0.10",
                "rescue": "7.0.0-alpha.19",
                "riffle": "2.0.0-alpha.99",
                "skip": "0.2.60",
                "splice": "3.0.0-alpha.81",
                "turnstile": "6.0.0-alpha.83",
                "twiddle": "2.0.0-alpha.10",
                "whittle": "0.0.6",
                "writeahead": "0.0.51"
            }
        },
        "node_modules/amalgamate/node_modules/interrupt": {
            "version": "11.0.0-alpha.26",
            "license": "MIT",
            "dependencies": {
                "extant": "^2.0.0-alpha.4",
                "keyify": "^3.0.0",
                "sprintf-js": "1.1.2",
                "stacktrace-parser": "0.1.10"
            }
        },
        "node_modules/amalgamate/node_modules/perhaps": {
            "version": "0.0.13",
            "license": "MIT"
        },
        "node_modules/amalgamate/node_modules/rescue": {
            "version": "7.0.0-alpha.19",
            "license": "MIT",
            "dependencies": {
                "interrupt": "11.0.0-alpha.26",
                "semblance": "^3.0.0"
            }
        },
        "node_modules/amalgamate/node_modules/turnstile": {
            "version": "6.0.0-alpha.83",
            "license": "MIT",
            "dependencies": {
                "extant": "^2.0.0-alpha.3",
                "interrupt": "11.0.0-alpha.26",
                "perhaps": "0.0.13"
            }
        },
        "node_modules/arguable": {
            "version": "13.0.0-alpha.6",
            "dev": true,
            "license": "MIT",
            "dependencies": {
                "extant": "^2.0.0-alpha.4",
                "interrupt": "11.0.0-alpha.25",
                "rescue": "7.0.0-alpha.18",
                "synonymous": "^1.0.16"
            }
        },
        "node_modules/ascension": {
            "version": "3.0.0-alpha.13",
            "license": "MIT"
        },
        "node_modules/asynckit": {
            "version": "0.4.0",
            "license": "MIT"
        },
        "node_modules/avenue": {
            "version": "0.6.17",
            "license": "MIT"
        },
        "node_modules/b-tree": {
            "version": "2.0.0-alpha.128",
            "license": "MIT",
            "dependencies": {
                "ascension": "^3.0.0-alpha.12",
                "extant": "^2.0.0-alpha.4",
                "fracture": "0.3.0-alpha.74",
                "hash.fnv": "^1.0.5",
                "interrupt": "11.0.0-alpha.26",
                "journalist": "0.1.31",
                "magazine": "6.0.0-alpha.10",
                "operation": "6.0.0-alpha.13",
                "perhaps": "0.0.13",
                "rescue": "7.0.0-alpha.19",
                "transcript": "0.1.7",
                "turnstile": "6.0.0-alpha.83",
                "whittle": "0.0.6",
                "writeahead": "0.0.51"
            }
        },
        "node_modules/b-tree/node_modules/interrupt": {
            "version": "11.0.0-alpha.26",
            "license": "MIT",
            "dependencies": {
                "extant": "^2.0.0-alpha.4",
                "keyify": "^3.0.0",
                "sprintf-js": "1.1.2",
                "stacktrace-parser": "0.1.10"
            }
        },
        "node_modules/b-tree/node_modules/perhaps": {
            "version": "0.0.13",
            "license": "MIT"
        },
        "node_modules/b-tree/node_modules/rescue": {
            "version": "7.0.0-alpha.19",
            "license": "MIT",
            "dependencies": {
                "interrupt": "11.0.0-alpha.26",
                "semblance": "^3.0.0"
            }
        },
        "node_modules/b-tree/node_modules/turnstile": {
            "version": "6.0.0-alpha.83",
            "license": "MIT",
            "dependencies": {
                "extant": "^2.0.0-alpha.3",
                "interrupt": "11.0.0-alpha.26",
                "perhaps": "0.0.13"
            }
        },
        "node_modules/balanced-match": {
            "version": "1.0.2",
            "dev": true,
            "license": "MIT"
        },
        "node_modules/boolbase": {
            "version": "1.0.0",
            "dev": true,
            "license": "ISC"
        },
        "node_modules/brace-expansion": {
            "version": "1.1.12",
            "dev": true,
            "license": "MIT",
            "dependencies": {
                "balanced-match": "^1.0.0",
                "concat-map": "0.0.1"
            }
        },
        "node_modules/browser-process-hrtime": {
            "version": "1.0.0",
            "license": "BSD-2-Clause"
        },
        "node_modules/cadence": {
            "version": "4.0.0-alpha.5",
            "license": "MIT"
        },
        "node_modules/call-bind-apply-helpers": {
            "version": "1.0.2",
            "license": "MIT",
            "dependencies": {
                "es-errors": "^1.3.0",
                "function-bind": "^1.1.2"
            },
            "engines": {
                "node": ">= 0.4"
            }
        },
        "node_modules/cheerio": {
            "version": "1.0.0-rc.10",
            "dev": true,
            "license": "MIT",
            "dependencies": {
                "cheerio-select": "^1.5.0",
                "dom-serializer": "^1.3.2",
                "domhandler": "^4.2.0",
                "htmlparser2": "^6.1.0",
                "parse5": "^6.0.1",
                "parse5-htmlparser2-tree-adapter": "^6.0.1",
                "tslib": "^2.2.0"
            },
            "engines": {
                "node": ">= 6"
            },
            "funding": {
                "url": "https://github.com/cheeriojs/cheerio?sponsor=1"
            }
        },
        "node_modules/cheerio-select": {
            "version": "1.6.0",
            "dev": true,
            "license": "BSD-2-Clause",
            "dependencies": {
                "css-select": "^4.3.0",
                "css-what": "^6.0.1",
                "domelementtype": "^2.2.0",
                "domhandler": "^4.3.1",
                "domutils": "^2.8.0"
            },
            "funding": {
                "url": "https://github.com/sponsors/fb55"
            }
        },
        "node_modules/combined-stream": {
            "version": "1.0.8",
            "license": "MIT",
            "dependencies": {
                "delayed-stream": "~1.0.0"
            },
            "engines": {
                "node": ">= 0.8"
            }
        },
        "node_modules/comeuppance": {
            "version": "0.0.3",
            "license": "MIT"
        },
        "node_modules/concat-map": {
            "version": "0.0.1",
            "dev": true,
            "license": "MIT"
        },
        "node_modules/constrain": {
            "version": "2.0.0-alpha.7",
            "license": "MIT",
            "dependencies": {
                "mvcc": "2.0.0-alpha.5"
            }
        },
        "node_modules/css-select": {
            "version": "4.3.0",
            "dev": true,
            "license": "BSD-2-Clause",
            "dependencies": {
                "boolbase": "^1.0.0",
                "css-what": "^6.0.1",
                "domhandler": "^4.3.1",
                "domutils": "^2.8.0",
                "nth-check": "^2.0.1"
            },
            "funding": {
                "url": "https://github.com/sponsors/fb55"
            }
        },
        "node_modules/css-what": {
            "version": "6.2.2",
            "dev": true,
            "license": "BSD-2-Clause",
            "engines": {
                "node": ">= 6"
            },
            "funding": {
                "url": "https://github.com/sponsors/fb55"
            }
        },
        "node_modules/cssom": {
            "version": "0.5.0",
            "license": "MIT"
        },
        "node_modules/cssstyle": {
            "version": "2.3.0",
            "license": "MIT",
            "dependencies": {
                "cssom": "~0.3.6"
            },
            "engines": {
                "node": ">=8"
            }
        },
        "node_modules/cssstyle/node_modules/cssom": {
            "version": "0.3.8",
            "license": "MIT"
        },
        "node_modules/data-urls": {
            "version": "3.0.2",
            "license": "MIT",
            "dependencies": {
                "abab": "^2.0.6",
                "whatwg-mimetype": "^3.0.0",
                "whatwg-url": "^11.0.0"
            },
            "engines": {
                "node": ">=12"
            }
        },
        "node_modules/data-urls/node_modules/whatwg-url": {
            "version": "11.0.0",
            "license": "MIT",
            "dependencies": {
                "tr46": "^3.0.0",
                "webidl-conversions": "^7.0.0"
            },
            "engines": {
                "node": ">=12"
            }
        },
        "node_modules/debug": {
            "version": "4.4.3",
            "license": "MIT",
            "dependencies": {
                "ms": "^2.1.3"
            },
            "engines": {
                "node": ">=6.0"
            },
            "peerDependenciesMeta": {
                "supports-color": {
                    "optional": true
                }
            }
        },
        "node_modules/decimal.js": {
            "version": "10.6.0",
            "license": "MIT"
        },
        "node_modules/deep-diff": {
            "version": "1.0.2",
            "dev": true,
            "license": "MIT"
        },
        "node_modules/delayed-stream": {
            "version": "1.0.0",
            "license": "MIT",
            "engines": {
                "node": ">=0.4.0"
            }
        },
        "node_modules/departure": {
            "version": "2.0.7",
            "dev": true,
            "license": "MIT",
            "dependencies": {
                "deep-diff": "1.0.2",
                "fast-deep-equal": "3.1.3"
            }
        },
        "node_modules/designate": {
            "version": "2.0.0-alpha.24",
            "license": "MIT",
            "dependencies": {
                "mvcc": "2.0.0-alpha.5"
            }
        },
        "node_modules/destructible": {
            "version": "7.0.0-alpha.72",
            "license": "MIT",
            "dependencies": {
                "extant": "2.0.0-alpha.5",
                "interrupt": "11.0.0-alpha.26",
                "nop": "1.0.0",
                "perhaps": "0.0.13"
            }
        },
        "node_modules/destructible/node_modules/interrupt": {
            "version": "11.0.0-alpha.26",
            "license": "MIT",
            "dependencies": {
                "extant": "^2.0.0-alpha.4",
                "keyify": "^3.0.0",
                "sprintf-js": "1.1.2",
                "stacktrace-parser": "0.1.10"
            }
        },
        "node_modules/destructible/node_modules/perhaps": {
            "version": "0.0.13",
            "license": "MIT"
        },
        "node_modules/dilute": {
            "version": "2.0.0-alpha.9",
            "license": "MIT"
        },
        "node_modules/dom-serializer": {
            "version": "1.4.1",
            "dev": true,
            "license": "MIT",
            "dependencies": {
                "domelementtype": "^2.0.1",
                "domhandler": "^4.2.0",
                "entities": "^2.0.0"
            },
            "funding": {
                "url": "https://github.com/cheeriojs/dom-serializer?sponsor=1"
            }
        },
        "node_modules/domelementtype": {
            "version": "2.3.0",
            "dev": true,
            "funding": [
                {
                    "type": "github",
                    "url": "https://github.com/sponsors/fb55"
                }
            ],
            "license": "BSD-2-Clause"
        },
        "node_modules/domexception": {
            "version": "4.0.0",
            "license": "MIT",
            "dependencies": {
                "webidl-conversions": "^7.0.0"
            },
            "engines": {
                "node": ">=12"
            }
        },
        "node_modules/domhandler": {
            "version": "4.3.1",
            "dev": true,
            "license": "BSD-2-Clause",
            "dependencies": {
                "domelementtype": "^2.2.0"
            },
            "engines": {
                "node": ">= 4"
            },
            "funding": {
                "url": "https://github.com/fb55/domhandler?sponsor=1"
            }
        },
        "node_modules/domutils": {
            "version": "2.8.0",
            "dev": true,
            "license": "BSD-2-Clause",
            "dependencies": {
                "dom-serializer": "^1.0.1",
                "domelementtype": "^2.2.0",
                "domhandler": "^4.2.0"
            },
            "funding": {
                "url": "https://github.com/fb55/domutils?sponsor=1"
            }
        },
        "node_modules/dunder-proto": {
            "version": "1.0.1",
            "license": "MIT",
            "dependencies": {
                "call-bind-apply-helpers": "^1.0.1",
                "es-errors": "^1.3.0",
                "gopd": "^1.2.0"
            },
            "engines": {
                "node": ">= 0.4"
            }
        },
        "node_modules/eject": {
            "version": "0.3.2",
            "license": "MIT"
        },
        "node_modules/entities": {
            "version": "2.2.0",
            "dev": true,
            "license": "BSD-2-Clause",
            "funding": {
                "url": "https://github.com/fb55/entities?sponsor=1"
            }
        },
        "node_modules/errno": {
            "version": "1.0.0",
            "license": "MIT",
            "dependencies": {
                "prr": "~1.0.1"
            },
            "bin": {
                "errno": "cli.js"
            }
        },
        "node_modules/es-define-property": {
            "version": "1.0.1",
            "license": "MIT",
            "engines": {
                "node": ">= 0.4"
            }
        },
        "node_modules/es-errors": {
            "version": "1.3.0",
            "license": "MIT",
            "engines": {
                "node": ">= 0.4"
            }
        },
        "node_modules/es-object-atoms": {
            "version": "1.1.1",
            "license": "MIT",
            "dependencies": {
                "es-errors": "^1.3.0"
            },
            "engines": {
                "node": ">= 0.4"
            }
        },
        "node_modules/es-set-tostringtag": {
            "version": "2.1.0",
            "license": "MIT",
            "dependencies": {
                "es-errors": "^1.3.0",
                "get-intrinsic": "^1.2.6",
                "has-tostringtag": "^1.0.2",
                "hasown": "^2.0.2"
            },
            "engines": {
                "node": ">= 0.4"
            }
        },
        "node_modules/escodegen": {
            "version": "2.1.0",
            "license": "BSD-2-Clause",
            "dependencies": {
                "esprima": "^4.0.1",
                "estraverse": "^5.2.0",
                "esutils": "^2.0.2"
            },
            "bin": {
                "escodegen": "bin/escodegen.js",
                "esgenerate": "bin/esgenerate.js"
            },
            "engines": {
                "node": ">=6.0"
            },
            "optionalDependencies": {
                "source-map": "~0.6.1"
            }
        },
        "node_modules/esprima": {
            "version": "4.0.1",
            "license": "BSD-2-Clause",
            "bin": {
                "esparse": "bin/esparse.js",
                "esvalidate": "bin/esvalidate.js"
            },
            "engines": {
                "node": ">=4"
            }
        },
        "node_modules/estraverse": {
            "version": "5.3.0",
            "license": "BSD-2-Clause",
            "engines": {
                "node": ">=4.0"
            }
        },
        "node_modules/esutils": {
            "version": "2.0.3",
            "license": "BSD-2-Clause",
            "engines": {
                "node": ">=0.10.0"
            }
        },
        "node_modules/extant": {
            "version": "2.0.0-alpha.5",
            "license": "MIT"
        },
        "node_modules/fast-deep-equal": {
            "version": "3.1.3",
            "dev": true,
            "license": "MIT"
        },
        "node_modules/form-data": {
            "version": "4.0.4",
            "license": "MIT",
            "dependencies": {
                "asynckit": "^0.4.0",
                "combined-stream": "^1.0.8",
                "es-set-tostringtag": "^2.1.0",
                "hasown": "^2.0.2",
                "mime-types": "^2.1.12"
            },
            "engines": {
                "node": ">= 6"
            }
        },
        "node_modules/fracture": {
            "version": "0.3.0-alpha.74",
            "license": "MIT",
            "dependencies": {
                "hash.fnv": "^1.0.8",
                "nop": "1.0.0",
                "perhaps": "0.0.13",
                "turnstile": "6.0.0-alpha.83",
                "vivifyer": "^3.0.1"
            }
        },
        "node_modules/fracture/node_modules/perhaps": {
            "version": "0.0.13",
            "license": "MIT"
        },
        "node_modules/fracture/node_modules/turnstile": {
            "version": "6.0.0-alpha.83",
            "license": "MIT",
            "dependencies": {
                "extant": "^2.0.0-alpha.3",
                "interrupt": "11.0.0-alpha.26",
                "perhaps": "0.0.13"
            }
        },
        "node_modules/fracture/node_modules/turnstile/node_modules/interrupt": {
            "version": "11.0.0-alpha.26",
            "license": "MIT",
            "dependencies": {
                "extant": "^2.0.0-alpha.4",
                "keyify": "^3.0.0",
                "sprintf-js": "1.1.2",
                "stacktrace-parser": "0.1.10"
            }
        },
        "node_modules/fs.realpath": {
            "version": "1.0.0",
            "dev": true,
            "license": "ISC"
        },
        "node_modules/function-bind": {
            "version": "1.1.2",
            "license": "MIT",
            "funding": {
                "url": "https://github.com/sponsors/ljharb"
            }
        },
        "node_modules/get-intrinsic": {
            "version": "1.3.0",
            "license": "MIT",
            "dependencies": {
                "call-bind-apply-helpers": "^1.0.2",
                "es-define-property": "^1.0.1",
                "es-errors": "^1.3.0",
                "es-object-atoms": "^1.1.1",
                "function-bind": "^1.1.2",
                "get-proto": "^1.0.1",
                "gopd": "^1.2.0",
                "has-symbols": "^1.1.0",
                "hasown": "^2.0.2",
                "math-intrinsics": "^1.1.0"
            },
            "engines": {
                "node": ">= 0.4"
            },
            "funding": {
                "url": "https://github.com/sponsors/ljharb"
            }
        },
        "node_modules/get-proto": {
            "version": "1.0.1",
            "license": "MIT",
            "dependencies": {
                "dunder-proto": "^1.0.1",
                "es-object-atoms": "^1.0.0"
            },
            "engines": {
                "node": ">= 0.4"
            }
        },
        "node_modules/glob": {
            "version": "7.2.3",
            "dev": true,
            "license": "ISC",
            "dependencies": {
                "fs.realpath": "^1.0.0",
                "inflight": "^1.0.4",
                "inherits": "2",
                "minimatch": "^3.1.1",
                "once": "^1.3.0",
                "path-is-absolute": "^1.0.0"
            },
            "engines": {
                "node": "*"
            },
            "funding": {
                "url": "https://github.com/sponsors/isaacs"
            }
        },
        "node_modules/gopd": {
            "version": "1.2.0",
            "license": "MIT",
            "engines": {
                "node": ">= 0.4"
            },
            "funding": {
                "url": "https://github.com/sponsors/ljharb"
            }
        },
        "node_modules/has-symbols": {
            "version": "1.1.0",
            "license": "MIT",
            "engines": {
                "node": ">= 0.4"
            },
            "funding": {
                "url": "https://github.com/sponsors/ljharb"
            }
        },
        "node_modules/has-tostringtag": {
            "version": "1.0.2",
            "license": "MIT",
            "dependencies": {
                "has-symbols": "^1.0.3"
            },
            "engines": {
                "node": ">= 0.4"
            },
            "funding": {
                "url": "https://github.com/sponsors/ljharb"
            }
        },
        "node_modules/hash.fnv": {
            "version": "1.0.10",
            "license": "MIT"
        },
        "node_modules/hasown": {
            "version": "2.0.2",
            "license": "MIT",
            "dependencies": {
                "function-bind": "^1.1.2"
            },
            "engines": {
                "node": ">= 0.4"
            }
        },
        "node_modules/homogenize": {
            "version": "2.0.0-alpha.29",
            "license": "MIT",
            "dependencies": {
                "mvcc": "2.0.0-alpha.5"
            }
        },
        "node_modules/html-encoding-sniffer": {
            "version": "3.0.0",
            "license": "MIT",
            "dependencies": {
                "whatwg-encoding": "^2.0.0"
            },
            "engines": {
                "node": ">=12"
            }
        },
        "node_modules/htmlparser2": {
            "version": "6.1.0",
            "dev": true,
            "funding": [
                "https://github.com/fb55/htmlparser2?sponsor=1",
                {
                    "type": "github",
                    "url": "https://github.com/sponsors/fb55"
                }
            ],
            "license": "MIT",
            "dependencies": {
                "domelementtype": "^2.0.1",
                "domhandler": "^4.0.0",
                "domutils": "^2.5.2",
                "entities": "^2.0.0"
            }
        },
        "node_modules/http-proxy-agent": {
            "version": "5.0.0",
            "license": "MIT",
            "dependencies": {
                "@tootallnate/once": "2",
                "agent-base": "6",
                "debug": "4"
            },
            "engines": {
                "node": ">= 6"
            }
        },
        "node_modules/https-proxy-agent": {
            "version": "5.0.1",
            "license": "MIT",
            "dependencies": {
                "agent-base": "6",
                "debug": "4"
            },
            "engines": {
                "node": ">= 6"
            }
        },
        "node_modules/iconv-lite": {
            "version": "0.6.3",
            "license": "MIT",
            "dependencies": {
                "safer-buffer": ">= 2.1.2 < 3.0.0"
            },
            "engines": {
                "node": ">=0.10.0"
            }
        },
        "node_modules/inflight": {
            "version": "1.0.6",
            "dev": true,
            "license": "ISC",
            "dependencies": {
                "once": "^1.3.0",
                "wrappy": "1"
            }
        },
        "node_modules/inherits": {
            "version": "2.0.4",
            "dev": true,
            "license": "ISC"
        },
        "node_modules/interrupt": {
            "version": "11.0.0-alpha.25",
            "license": "MIT",
            "dependencies": {
                "extant": "^2.0.0-alpha.4",
                "keyify": "^3.0.0",
                "sprintf-js": "1.1.2",
                "stacktrace-parser": "0.1.10"
            }
        },
        "node_modules/is-potential-custom-element-name": {
            "version": "1.0.1",
            "license": "MIT"
        },
        "node_modules/journalist": {
            "version": "0.1.31",
            "license": "MIT",
            "dependencies": {
                "errno": "1.0.0",
                "extant": "2.0.0-alpha.5",
                "hash.fnv": "^1.0.5",
                "interrupt": "11.0.0-alpha.26",
                "rescue": "7.0.0-alpha.19",
                "transcript": "0.1.7"
            }
        },
        "node_modules/journalist/node_modules/interrupt": {
            "version": "11.0.0-alpha.26",
            "license": "MIT",
            "dependencies": {
                "extant": "^2.0.0-alpha.4",
                "keyify": "^3.0.0",
                "sprintf-js": "1.1.2",
                "stacktrace-parser": "0.1.10"
            }
        },
        "node_modules/journalist/node_modules/rescue": {
            "version": "7.0.0-alpha.19",
            "license": "MIT",
            "dependencies": {
                "interrupt": "11.0.0-alpha.26",
                "semblance": "^3.0.0"
            }
        },
        "node_modules/jsdom": {
            "version": "18.0.1",
            "license": "MIT",
            "dependencies": {
                "abab": "^2.0.5",
                "acorn": "^8.5.0",
                "acorn-globals": "^6.0.0",
                "cssom": "^0.5.0",
                "cssstyle": "^2.3.0",
                "data-urls": "^3.0.1",
                "decimal.js": "^10.3.1",
                "domexception": "^4.0.0",
                "escodegen": "^2.0.0",
                "form-data": "^4.0.0",
                "html-encoding-sniffer": "^3.0.0",
                "http-proxy-agent": "^5.0.0",
                "https-proxy-agent": "^5.0.0",
                "is-potential-custom-element-name": "^1.0.1",
                "nwsapi": "^2.2.0",
                "parse5": "6.0.1",
                "saxes": "^5.0.1",
                "symbol-tree": "^3.2.4",
                "tough-cookie": "^4.0.0",
                "w3c-hr-time": "^1.0.2",
                "w3c-xmlserializer": "^3.0.0",
                "webidl-conversions": "^7.0.0",
                "whatwg-encoding": "^2.0.0",
                "whatwg-mimetype": "^3.0.0",
                "whatwg-url": "^10.0.0",
                "ws": "^8.2.3",
                "xml-name-validator": "^4.0.0"
            },
            "engines": {
                "node": ">=12"
            },
            "peerDependencies": {
                "canvas": "^2.5.0"
            },
            "peerDependenciesMeta": {
                "canvas": {
                    "optional": true
                }
            }
        },
        "node_modules/keyify": {
            "version": "3.0.1",
            "license": "MIT"
        },
        "node_modules/lodash.isplainobject": {
            "version": "4.0.6",
            "license": "MIT"
        },
        "node_modules/magazine": {
            "version": "6.0.0-alpha.10",
            "license": "MIT",
            "dependencies": {
                "keyify": "^3.0.0"
            }
        },
        "node_modules/math-intrinsics": {
            "version": "1.1.0",
            "license": "MIT",
            "engines": {
                "node": ">= 0.4"
            }
        },
        "node_modules/memento": {
            "version": "0.1.51",
            "license": "MIT",
            "dependencies": {
                "amalgamate": "0.1.82",
                "ascension": "^3.0.0-alpha.12",
                "avenue": "0.6.18",
                "b-tree": "2.0.0-alpha.128",
                "constrain": "2.0.0-alpha.7",
                "destructible": "7.0.0-alpha.72",
                "extant": "2.0.0-alpha.5",
                "interrupt": "11.0.0-alpha.26",
                "journalist": "0.1.31",
                "keyify": "^3.0.0",
                "reciprocate": "0.0.10",
                "rescue": "7.0.0-alpha.19",
                "satiate": "0.0.6",
                "verbatim": "0.1.9",
                "whittle": "0.0.6"
            }
        },
        "node_modules/memento/node_modules/avenue": {
            "version": "0.6.18",
            "license": "MIT"
        },
        "node_modules/memento/node_modules/interrupt": {
            "version": "11.0.0-alpha.26",
            "license": "MIT",
            "dependencies": {
                "extant": "^2.0.0-alpha.4",
                "keyify": "^3.0.0",
                "sprintf-js": "1.1.2",
                "stacktrace-parser": "0.1.10"
            }
        },
        "node_modules/memento/node_modules/rescue": {
            "version": "7.0.0-alpha.19",
            "license": "MIT",
            "dependencies": {
                "interrupt": "11.0.0-alpha.26",
                "semblance": "^3.0.0"
            }
        },
        "node_modules/memento/node_modules/verbatim": {
            "version": "0.1.9",
            "license": "MIT"
        },
        "node_modules/mime-db": {
            "version": "1.52.0",
            "license": "MIT",
            "engines": {
                "node": ">= 0.6"
            }
        },
        "node_modules/mime-types": {
            "version": "2.1.35",
            "license": "MIT",
            "dependencies": {
                "mime-db": "1.52.0"
            },
            "engines": {
                "node": ">= 0.6"
            }
        },
        "node_modules/minimatch": {
            "version": "3.1.2",
            "dev": true,
            "license": "ISC",
            "dependencies": {
                "brace-expansion": "^1.1.7"
            },
            "engines": {
                "node": "*"
            }
        },
        "node_modules/ms": {
            "version": "2.1.3",
            "license": "MIT"
        },
        "node_modules/mvcc": {
            "version": "2.0.0-alpha.5",
            "license": "MIT"
        },
        "node_modules/nop": {
            "version": "1.0.0",
            "license": "MIT"
        },
        "node_modules/nth-check": {
            "version": "2.1.1",
            "dev": true,
            "license": "BSD-2-Clause",
            "dependencies": {
                "boolbase": "^1.0.0"
            },
            "funding": {
                "url": "https://github.com/fb55/nth-check?sponsor=1"
            }
        },
        "node_modules/nwsapi": {
            "version": "2.2.22",
            "license": "MIT"
        },
        "node_modules/once": {
            "version": "1.4.0",
            "dev": true,
            "license": "ISC",
            "dependencies": {
                "wrappy": "1"
            }
        },
        "node_modules/operation": {
            "version": "6.0.0-alpha.13",
            "license": "MIT",
            "dependencies": {
                "interrupt": "11.0.0-alpha.26",
                "magazine": "6.0.0-alpha.10"
            }
        },
        "node_modules/operation/node_modules/interrupt": {
            "version": "11.0.0-alpha.26",
            "license": "MIT",
            "dependencies": {
                "extant": "^2.0.0-alpha.4",
                "keyify": "^3.0.0",
                "sprintf-js": "1.1.2",
                "stacktrace-parser": "0.1.10"
            }
        },
        "node_modules/parse5": {
            "version": "6.0.1",
            "license": "MIT"
        },
        "node_modules/parse5-htmlparser2-tree-adapter": {
            "version": "6.0.1",
            "dev": true,
            "license": "MIT",
            "dependencies": {
                "parse5": "^6.0.1"
            }
        },
        "node_modules/path-is-absolute": {
            "version": "1.0.1",
            "dev": true,
            "license": "MIT",
            "engines": {
                "node": ">=0.10.0"
            }
        },
        "node_modules/perhaps": {
            "version": "0.0.12",
            "license": "MIT"
        },
        "node_modules/prettier": {
            "version": "2.8.8",
            "dev": true,
            "license": "MIT",
            "bin": {
                "prettier": "bin-prettier.js"
            },
            "engines": {
                "node": ">=10.13.0"
            },
            "funding": {
                "url": "https://github.com/prettier/prettier?sponsor=1"
            }
        },
        "node_modules/programmatic": {
            "version": "2.0.0-alpha.11",
            "dev": true,
            "license": "MIT"
        },
        "node_modules/proof": {
            "version": "9.0.4",
            "dev": true,
            "license": "MIT",
            "dependencies": {
                "departure": "^2.0.0"
            }
        },
        "node_modules/prr": {
            "version": "1.0.1",
            "license": "MIT"
        },
        "node_modules/psl": {
            "version": "1.15.0",
            "license": "MIT",
            "dependencies": {
                "punycode": "^2.3.1"
            },
            "funding": {
                "url": "https://github.com/sponsors/lupomontero"
            }
        },
        "node_modules/punycode": {
            "version": "2.3.1",
            "license": "MIT",
            "engines": {
                "node": ">=6"
            }
        },
        "node_modules/querystringify": {
            "version": "2.2.0",
            "license": "MIT"
        },
        "node_modules/reciprocate": {
            "version": "0.0.10",
            "license": "MIT"
        },
        "node_modules/requires-port": {
            "version": "1.0.0",
            "license": "MIT"
        },
        "node_modules/rescue": {
            "version": "7.0.0-alpha.18",
            "license": "MIT",
            "dependencies": {
                "interrupt": "11.0.0-alpha.25",
                "semblance": "^3.0.0"
            }
        },
        "node_modules/riffle": {
            "version": "2.0.0-alpha.99",
            "license": "MIT",
            "dependencies": {
                "mvcc": "2.0.0-alpha.5"
            }
        },
        "node_modules/rimraf": {
            "version": "3.0.2",
            "dev": true,
            "license": "ISC",
            "dependencies": {
                "glob": "^7.1.3"
            },
            "bin": {
                "rimraf": "bin.js"
            },
            "funding": {
                "url": "https://github.com/sponsors/isaacs"
            }
        },
        "node_modules/safer-buffer": {
            "version": "2.1.2",
            "license": "MIT"
        },
        "node_modules/satiate": {
            "version": "0.0.6",
            "license": "MIT"
        },
        "node_modules/saxes": {
            "version": "5.0.1",
            "license": "ISC",
            "dependencies": {
                "xmlchars": "^2.2.0"
            },
            "engines": {
                "node": ">=10"
            }
        },
        "node_modules/semblance": {
            "version": "3.0.1",
            "license": "MIT"
        },
        "node_modules/sequester": {
            "version": "2.0.0-alpha.3",
            "license": "MIT"
        },
        "node_modules/skip": {
            "version": "0.2.60",
            "license": "MIT",
            "dependencies": {
                "mvcc": "2.0.0-alpha.5"
            }
        },
        "node_modules/source-map": {
            "version": "0.6.1",
            "license": "BSD-3-Clause",
            "optional": true,
            "engines": {
                "node": ">=0.10.0"
            }
        },
        "node_modules/splice": {
            "version": "3.0.0-alpha.81",
            "license": "MIT"
        },
        "node_modules/sprintf-js": {
            "version": "1.1.2",
            "license": "BSD-3-Clause"
        },
        "node_modules/stacktrace-parser": {
            "version": "0.1.10",
            "license": "MIT",
            "dependencies": {
                "type-fest": "^0.7.1"
            },
            "engines": {
                "node": ">=6"
            }
        },
        "node_modules/symbol-tree": {
            "version": "3.2.4",
            "license": "MIT"
        },
        "node_modules/synonymous": {
            "version": "1.0.25",
            "dev": true,
            "license": "MIT",
            "dependencies": {
                "sprintf-js": "1.1.2"
            }
        },
        "node_modules/tough-cookie": {
            "version": "4.1.4",
            "license": "BSD-3-Clause",
            "dependencies": {
                "psl": "^1.1.33",
                "punycode": "^2.1.1",
                "universalify": "^0.2.0",
                "url-parse": "^1.5.3"
            },
            "engines": {
                "node": ">=6"
            }
        },
        "node_modules/tr46": {
            "version": "3.0.0",
            "license": "MIT",
            "dependencies": {
                "punycode": "^2.1.1"
            },
            "engines": {
                "node": ">=12"
            }
        },
        "node_modules/transcript": {
            "version": "0.1.7",
            "license": "MIT"
        },
        "node_modules/tslib": {
            "version": "2.8.1",
            "dev": true,
            "license": "0BSD"
        },
        "node_modules/turnstile": {
            "version": "6.0.0-alpha.82",
            "license": "MIT",
            "dependencies": {
                "extant": "^2.0.0-alpha.3",
                "interrupt": "11.0.0-alpha.25",
                "perhaps": "0.0.12"
            }
        },
        "node_modules/twiddle": {
            "version": "2.0.0-alpha.10",
            "license": "MIT"
        },
        "node_modules/type-fest": {
            "version": "0.7.1",
            "license": "(MIT OR CC0-1.0)",
            "engines": {
                "node": ">=8"
            }
        },
        "node_modules/undici-types": {
            "version": "7.16.0",
            "license": "MIT"
        },
        "node_modules/universalify": {
            "version": "0.2.0",
            "license": "MIT",
            "engines": {
                "node": ">= 4.0.0"
            }
        },
        "node_modules/url-parse": {
            "version": "1.5.10",
            "license": "MIT",
            "dependencies": {
                "querystringify": "^2.1.1",
                "requires-port": "^1.0.0"
            }
        },
        "node_modules/verbatim": {
            "version": "0.1.8",
            "license": "MIT"
        },
        "node_modules/vivifyer": {
            "version": "3.0.2",
            "license": "MIT"
        },
        "node_modules/w3c-hr-time": {
            "version": "1.0.2",
            "license": "MIT",
            "dependencies": {
                "browser-process-hrtime": "^1.0.0"
            }
        },
        "node_modules/w3c-xmlserializer": {
            "version": "3.0.0",
            "license": "MIT",
            "dependencies": {
                "xml-name-validator": "^4.0.0"
            },
            "engines": {
                "node": ">=12"
            }
        },
        "node_modules/webidl-conversions": {
            "version": "7.0.0",
            "license": "BSD-2-Clause",
            "engines": {
                "node": ">=12"
            }
        },
        "node_modules/webidl2": {
            "version": "24.5.0",
            "dev": true,
            "license": "W3C",
            "engines": {
                "node": ">= 18"
            }
        },
        "node_modules/webidl2js": {
            "version": "17.0.0",
            "dev": true,
            "license": "MIT",
            "dependencies": {
                "prettier": "^2.4.1",
                "webidl-conversions": "^7.0.0",
                "webidl2": "^24.1.2"
            },
            "engines": {
                "node": ">=12"
            }
        },
        "node_modules/whatwg-encoding": {
            "version": "2.0.0",
            "license": "MIT",
            "dependencies": {
                "iconv-lite": "0.6.3"
            },
            "engines": {
                "node": ">=12"
            }
        },
        "node_modules/whatwg-mimetype": {
            "version": "3.0.0",
            "license": "MIT",
            "engines": {
                "node": ">=12"
            }
        },
        "node_modules/whatwg-url": {
            "version": "10.0.0",
            "license": "MIT",
            "dependencies": {
                "tr46": "^3.0.0",
                "webidl-conversions": "^7.0.0"
            },
            "engines": {
                "node": ">=12"
            }
        },
        "node_modules/whittle": {
            "version": "0.0.6",
            "license": "MIT"
        },
        "node_modules/wrappy": {
            "version": "1.0.2",
            "dev": true,
            "license": "ISC"
        },
        "node_modules/writeahead": {
            "version": "0.0.51",
            "license": "MIT",
            "dependencies": {
                "fracture": "0.3.0-alpha.74",
                "interrupt": "11.0.0-alpha.26",
                "keyify": "^3.0.0",
                "operation": "6.0.0-alpha.13",
                "sequester": "2.0.0-alpha.3",
                "transcript": "0.1.7"
            }
        },
        "node_modules/writeahead/node_modules/interrupt": {
            "version": "11.0.0-alpha.26",
            "license": "MIT",
            "dependencies": {
                "extant": "^2.0.0-alpha.4",
                "keyify": "^3.0.0",
                "sprintf-js": "1.1.2",
                "stacktrace-parser": "0.1.10"
            }
        },
        "node_modules/ws": {
            "version": "8.18.3",
            "license": "MIT",
            "engines": {
                "node": ">=10.0.0"
            },
            "peerDependencies": {
                "bufferutil": "^4.0.1",
                "utf-8-validate": ">=5.0.2"
            },
            "peerDependenciesMeta": {
                "bufferutil": {
                    "optional": true
                },
                "utf-8-validate": {
                    "optional": true
                }
            }
        },
        "node_modules/xml-name-validator": {
            "version": "4.0.0",
            "license": "Apache-2.0",
            "engines": {
                "node": ">=12"
            }
        },
        "node_modules/xmlchars": {
            "version": "2.2.0",
            "license": "MIT"
        }
    }
}
